// !$*UTF8*$!
{
	archiveVersion = 1;
	classes = {
	};
	objectVersion = 56;
	objects = {

/* Begin PBXBuildFile section */
		E00ECD522B63932A00D1DBAA /* AppDelegate.swift in Sources */ = {isa = PBXBuildFile; fileRef = E00ECD512B63932A00D1DBAA /* AppDelegate.swift */; };
		E00ECD542B63932A00D1DBAA /* SceneDelegate.swift in Sources */ = {isa = PBXBuildFile; fileRef = E00ECD532B63932A00D1DBAA /* SceneDelegate.swift */; };
		E00ECD562B63932A00D1DBAA /* ViewController.swift in Sources */ = {isa = PBXBuildFile; fileRef = E00ECD552B63932A00D1DBAA /* ViewController.swift */; };
		E00ECD592B63932A00D1DBAA /* Main.storyboard in Resources */ = {isa = PBXBuildFile; fileRef = E00ECD572B63932A00D1DBAA /* Main.storyboard */; };
		E00ECD5B2B63932C00D1DBAA /* Assets.xcassets in Resources */ = {isa = PBXBuildFile; fileRef = E00ECD5A2B63932C00D1DBAA /* Assets.xcassets */; };
		E00ECD5E2B63932C00D1DBAA /* LaunchScreen.storyboard in Resources */ = {isa = PBXBuildFile; fileRef = E00ECD5C2B63932C00D1DBAA /* LaunchScreen.storyboard */; };
		E00ECD692B63932C00D1DBAA /* countriesSnapKitTests.swift in Sources */ = {isa = PBXBuildFile; fileRef = E00ECD682B63932C00D1DBAA /* countriesSnapKitTests.swift */; };
		E00ECD732B63932C00D1DBAA /* countriesSnapKitUITests.swift in Sources */ = {isa = PBXBuildFile; fileRef = E00ECD722B63932C00D1DBAA /* countriesSnapKitUITests.swift */; };
		E00ECD752B63932C00D1DBAA /* countriesSnapKitUITestsLaunchTests.swift in Sources */ = {isa = PBXBuildFile; fileRef = E00ECD742B63932C00D1DBAA /* countriesSnapKitUITestsLaunchTests.swift */; };
/* End PBXBuildFile section */

/* Begin PBXContainerItemProxy section */
		E00ECD652B63932C00D1DBAA /* PBXContainerItemProxy */ = {
			isa = PBXContainerItemProxy;
			containerPortal = E00ECD462B63932A00D1DBAA /* Project object */;
			proxyType = 1;
			remoteGlobalIDString = E00ECD4D2B63932A00D1DBAA;
			remoteInfo = countriesSnapKit;
		};
		E00ECD6F2B63932C00D1DBAA /* PBXContainerItemProxy */ = {
			isa = PBXContainerItemProxy;
			containerPortal = E00ECD462B63932A00D1DBAA /* Project object */;
			proxyType = 1;
			remoteGlobalIDString = E00ECD4D2B63932A00D1DBAA;
			remoteInfo = countriesSnapKit;
		};
/* End PBXContainerItemProxy section */

/* Begin PBXFileReference section */
		E00ECD4E2B63932A00D1DBAA /* countriesSnapKit.app */ = {isa = PBXFileReference; explicitFileType = wrapper.application; includeInIndex = 0; path = countriesSnapKit.app; sourceTree = BUILT_PRODUCTS_DIR; };
		E00ECD512B63932A00D1DBAA /* AppDelegate.swift */ = {isa = PBXFileReference; lastKnownFileType = sourcecode.swift; path = AppDelegate.swift; sourceTree = "<group>"; };
		E00ECD532B63932A00D1DBAA /* SceneDelegate.swift */ = {isa = PBXFileReference; lastKnownFileType = sourcecode.swift; path = SceneDelegate.swift; sourceTree = "<group>"; };
		E00ECD552B63932A00D1DBAA /* ViewController.swift */ = {isa = PBXFileReference; lastKnownFileType = sourcecode.swift; path = ViewController.swift; sourceTree = "<group>"; };
		E00ECD582B63932A00D1DBAA /* Base */ = {isa = PBXFileReference; lastKnownFileType = file.storyboard; name = Base; path = Base.lproj/Main.storyboard; sourceTree = "<group>"; };
		E00ECD5A2B63932C00D1DBAA /* Assets.xcassets */ = {isa = PBXFileReference; lastKnownFileType = folder.assetcatalog; path = Assets.xcassets; sourceTree = "<group>"; };
		E00ECD5D2B63932C00D1DBAA /* Base */ = {isa = PBXFileReference; lastKnownFileType = file.storyboard; name = Base; path = Base.lproj/LaunchScreen.storyboard; sourceTree = "<group>"; };
		E00ECD5F2B63932C00D1DBAA /* Info.plist */ = {isa = PBXFileReference; lastKnownFileType = text.plist.xml; path = Info.plist; sourceTree = "<group>"; };
		E00ECD642B63932C00D1DBAA /* countriesSnapKitTests.xctest */ = {isa = PBXFileReference; explicitFileType = wrapper.cfbundle; includeInIndex = 0; path = countriesSnapKitTests.xctest; sourceTree = BUILT_PRODUCTS_DIR; };
		E00ECD682B63932C00D1DBAA /* countriesSnapKitTests.swift */ = {isa = PBXFileReference; lastKnownFileType = sourcecode.swift; path = countriesSnapKitTests.swift; sourceTree = "<group>"; };
		E00ECD6E2B63932C00D1DBAA /* countriesSnapKitUITests.xctest */ = {isa = PBXFileReference; explicitFileType = wrapper.cfbundle; includeInIndex = 0; path = countriesSnapKitUITests.xctest; sourceTree = BUILT_PRODUCTS_DIR; };
		E00ECD722B63932C00D1DBAA /* countriesSnapKitUITests.swift */ = {isa = PBXFileReference; lastKnownFileType = sourcecode.swift; path = countriesSnapKitUITests.swift; sourceTree = "<group>"; };
		E00ECD742B63932C00D1DBAA /* countriesSnapKitUITestsLaunchTests.swift */ = {isa = PBXFileReference; lastKnownFileType = sourcecode.swift; path = countriesSnapKitUITestsLaunchTests.swift; sourceTree = "<group>"; };
/* End PBXFileReference section */

/* Begin PBXFrameworksBuildPhase section */
		E00ECD4B2B63932A00D1DBAA /* Frameworks */ = {
			isa = PBXFrameworksBuildPhase;
			buildActionMask = 2147483647;
			files = (
			);
			runOnlyForDeploymentPostprocessing = 0;
		};
		E00ECD612B63932C00D1DBAA /* Frameworks */ = {
			isa = PBXFrameworksBuildPhase;
			buildActionMask = 2147483647;
			files = (
			);
			runOnlyForDeploymentPostprocessing = 0;
		};
		E00ECD6B2B63932C00D1DBAA /* Frameworks */ = {
			isa = PBXFrameworksBuildPhase;
			buildActionMask = 2147483647;
			files = (
			);
			runOnlyForDeploymentPostprocessing = 0;
		};
/* End PBXFrameworksBuildPhase section */

/* Begin PBXGroup section */
		E00ECD452B63932A00D1DBAA = {
			isa = PBXGroup;
			children = (
				E00ECD502B63932A00D1DBAA /* countriesSnapKit */,
				E00ECD672B63932C00D1DBAA /* countriesSnapKitTests */,
				E00ECD712B63932C00D1DBAA /* countriesSnapKitUITests */,
				E00ECD4F2B63932A00D1DBAA /* Products */,
			);
			sourceTree = "<group>";
		};
		E00ECD4F2B63932A00D1DBAA /* Products */ = {
			isa = PBXGroup;
			children = (
				E00ECD4E2B63932A00D1DBAA /* countriesSnapKit.app */,
				E00ECD642B63932C00D1DBAA /* countriesSnapKitTests.xctest */,
				E00ECD6E2B63932C00D1DBAA /* countriesSnapKitUITests.xctest */,
			);
			name = Products;
			sourceTree = "<group>";
		};
		E00ECD502B63932A00D1DBAA /* countriesSnapKit */ = {
			isa = PBXGroup;
			children = (
				E00ECD512B63932A00D1DBAA /* AppDelegate.swift */,
				E00ECD532B63932A00D1DBAA /* SceneDelegate.swift */,
				E00ECD552B63932A00D1DBAA /* ViewController.swift */,
				E00ECD572B63932A00D1DBAA /* Main.storyboard */,
				E00ECD5A2B63932C00D1DBAA /* Assets.xcassets */,
				E00ECD5C2B63932C00D1DBAA /* LaunchScreen.storyboard */,
				E00ECD5F2B63932C00D1DBAA /* Info.plist */,
			);
			path = countriesSnapKit;
			sourceTree = "<group>";
		};
		E00ECD672B63932C00D1DBAA /* countriesSnapKitTests */ = {
			isa = PBXGroup;
			children = (
				E00ECD682B63932C00D1DBAA /* countriesSnapKitTests.swift */,
			);
			path = countriesSnapKitTests;
			sourceTree = "<group>";
		};
		E00ECD712B63932C00D1DBAA /* countriesSnapKitUITests */ = {
			isa = PBXGroup;
			children = (
				E00ECD722B63932C00D1DBAA /* countriesSnapKitUITests.swift */,
				E00ECD742B63932C00D1DBAA /* countriesSnapKitUITestsLaunchTests.swift */,
			);
			path = countriesSnapKitUITests;
			sourceTree = "<group>";
		};
/* End PBXGroup section */

/* Begin PBXNativeTarget section */
		E00ECD4D2B63932A00D1DBAA /* countriesSnapKit */ = {
			isa = PBXNativeTarget;
			buildConfigurationList = E00ECD782B63932C00D1DBAA /* Build configuration list for PBXNativeTarget "countriesSnapKit" */;
			buildPhases = (
				E00ECD4A2B63932A00D1DBAA /* Sources */,
				E00ECD4B2B63932A00D1DBAA /* Frameworks */,
				E00ECD4C2B63932A00D1DBAA /* Resources */,
			);
			buildRules = (
			);
			dependencies = (
			);
			name = countriesSnapKit;
			productName = countriesSnapKit;
			productReference = E00ECD4E2B63932A00D1DBAA /* countriesSnapKit.app */;
			productType = "com.apple.product-type.application";
		};
		E00ECD632B63932C00D1DBAA /* countriesSnapKitTests */ = {
			isa = PBXNativeTarget;
			buildConfigurationList = E00ECD7B2B63932C00D1DBAA /* Build configuration list for PBXNativeTarget "countriesSnapKitTests" */;
			buildPhases = (
				E00ECD602B63932C00D1DBAA /* Sources */,
				E00ECD612B63932C00D1DBAA /* Frameworks */,
				E00ECD622B63932C00D1DBAA /* Resources */,
			);
			buildRules = (
			);
			dependencies = (
				E00ECD662B63932C00D1DBAA /* PBXTargetDependency */,
			);
			name = countriesSnapKitTests;
			productName = countriesSnapKitTests;
			productReference = E00ECD642B63932C00D1DBAA /* countriesSnapKitTests.xctest */;
			productType = "com.apple.product-type.bundle.unit-test";
		};
		E00ECD6D2B63932C00D1DBAA /* countriesSnapKitUITests */ = {
			isa = PBXNativeTarget;
			buildConfigurationList = E00ECD7E2B63932C00D1DBAA /* Build configuration list for PBXNativeTarget "countriesSnapKitUITests" */;
			buildPhases = (
				E00ECD6A2B63932C00D1DBAA /* Sources */,
				E00ECD6B2B63932C00D1DBAA /* Frameworks */,
				E00ECD6C2B63932C00D1DBAA /* Resources */,
			);
			buildRules = (
			);
			dependencies = (
				E00ECD702B63932C00D1DBAA /* PBXTargetDependency */,
			);
			name = countriesSnapKitUITests;
			productName = countriesSnapKitUITests;
			productReference = E00ECD6E2B63932C00D1DBAA /* countriesSnapKitUITests.xctest */;
			productType = "com.apple.product-type.bundle.ui-testing";
		};
/* End PBXNativeTarget section */

/* Begin PBXProject section */
		E00ECD462B63932A00D1DBAA /* Project object */ = {
			isa = PBXProject;
			attributes = {
				BuildIndependentTargetsInParallel = 1;
				LastSwiftUpdateCheck = 1500;
				LastUpgradeCheck = 1500;
				TargetAttributes = {
					E00ECD4D2B63932A00D1DBAA = {
						CreatedOnToolsVersion = 15.0.1;
					};
					E00ECD632B63932C00D1DBAA = {
						CreatedOnToolsVersion = 15.0.1;
						TestTargetID = E00ECD4D2B63932A00D1DBAA;
					};
					E00ECD6D2B63932C00D1DBAA = {
						CreatedOnToolsVersion = 15.0.1;
						TestTargetID = E00ECD4D2B63932A00D1DBAA;
					};
				};
			};
			buildConfigurationList = E00ECD492B63932A00D1DBAA /* Build configuration list for PBXProject "countriesSnapKit" */;
			compatibilityVersion = "Xcode 14.0";
			developmentRegion = en;
			hasScannedForEncodings = 0;
			knownRegions = (
				en,
				Base,
			);
			mainGroup = E00ECD452B63932A00D1DBAA;
			productRefGroup = E00ECD4F2B63932A00D1DBAA /* Products */;
			projectDirPath = "";
			projectRoot = "";
			targets = (
				E00ECD4D2B63932A00D1DBAA /* countriesSnapKit */,
				E00ECD632B63932C00D1DBAA /* countriesSnapKitTests */,
				E00ECD6D2B63932C00D1DBAA /* countriesSnapKitUITests */,
			);
		};
/* End PBXProject section */

/* Begin PBXResourcesBuildPhase section */
		E00ECD4C2B63932A00D1DBAA /* Resources */ = {
			isa = PBXResourcesBuildPhase;
			buildActionMask = 2147483647;
			files = (
				E00ECD5E2B63932C00D1DBAA /* LaunchScreen.storyboard in Resources */,
				E00ECD5B2B63932C00D1DBAA /* Assets.xcassets in Resources */,
				E00ECD592B63932A00D1DBAA /* Main.storyboard in Resources */,
			);
			runOnlyForDeploymentPostprocessing = 0;
		};
		E00ECD622B63932C00D1DBAA /* Resources */ = {
			isa = PBXResourcesBuildPhase;
			buildActionMask = 2147483647;
			files = (
			);
			runOnlyForDeploymentPostprocessing = 0;
		};
		E00ECD6C2B63932C00D1DBAA /* Resources */ = {
			isa = PBXResourcesBuildPhase;
			buildActionMask = 2147483647;
			files = (
			);
			runOnlyForDeploymentPostprocessing = 0;
		};
/* End PBXResourcesBuildPhase section */

/* Begin PBXSourcesBuildPhase section */
		E00ECD4A2B63932A00D1DBAA /* Sources */ = {
			isa = PBXSourcesBuildPhase;
			buildActionMask = 2147483647;
			files = (
				E00ECD562B63932A00D1DBAA /* ViewController.swift in Sources */,
				E00ECD522B63932A00D1DBAA /* AppDelegate.swift in Sources */,
				E00ECD542B63932A00D1DBAA /* SceneDelegate.swift in Sources */,
			);
			runOnlyForDeploymentPostprocessing = 0;
		};
		E00ECD602B63932C00D1DBAA /* Sources */ = {
			isa = PBXSourcesBuildPhase;
			buildActionMask = 2147483647;
			files = (
				E00ECD692B63932C00D1DBAA /* countriesSnapKitTests.swift in Sources */,
			);
			runOnlyForDeploymentPostprocessing = 0;
		};
		E00ECD6A2B63932C00D1DBAA /* Sources */ = {
			isa = PBXSourcesBuildPhase;
			buildActionMask = 2147483647;
			files = (
				E00ECD752B63932C00D1DBAA /* countriesSnapKitUITestsLaunchTests.swift in Sources */,
				E00ECD732B63932C00D1DBAA /* countriesSnapKitUITests.swift in Sources */,
			);
			runOnlyForDeploymentPostprocessing = 0;
		};
/* End PBXSourcesBuildPhase section */

/* Begin PBXTargetDependency section */
		E00ECD662B63932C00D1DBAA /* PBXTargetDependency */ = {
			isa = PBXTargetDependency;
			target = E00ECD4D2B63932A00D1DBAA /* countriesSnapKit */;
			targetProxy = E00ECD652B63932C00D1DBAA /* PBXContainerItemProxy */;
		};
		E00ECD702B63932C00D1DBAA /* PBXTargetDependency */ = {
			isa = PBXTargetDependency;
			target = E00ECD4D2B63932A00D1DBAA /* countriesSnapKit */;
			targetProxy = E00ECD6F2B63932C00D1DBAA /* PBXContainerItemProxy */;
		};
/* End PBXTargetDependency section */

/* Begin PBXVariantGroup section */
		E00ECD572B63932A00D1DBAA /* Main.storyboard */ = {
			isa = PBXVariantGroup;
			children = (
				E00ECD582B63932A00D1DBAA /* Base */,
			);
			name = Main.storyboard;
			sourceTree = "<group>";
		};
		E00ECD5C2B63932C00D1DBAA /* LaunchScreen.storyboard */ = {
			isa = PBXVariantGroup;
			children = (
				E00ECD5D2B63932C00D1DBAA /* Base */,
			);
			name = LaunchScreen.storyboard;
			sourceTree = "<group>";
		};
/* End PBXVariantGroup section */

/* Begin XCBuildConfiguration section */
		E00ECD762B63932C00D1DBAA /* Debug */ = {
			isa = XCBuildConfiguration;
			buildSettings = {
				ALWAYS_SEARCH_USER_PATHS = NO;
				ASSETCATALOG_COMPILER_GENERATE_SWIFT_ASSET_SYMBOL_EXTENSIONS = YES;
				CLANG_ANALYZER_NONNULL = YES;
				CLANG_ANALYZER_NUMBER_OBJECT_CONVERSION = YES_AGGRESSIVE;
				CLANG_CXX_LANGUAGE_STANDARD = "gnu++20";
				CLANG_ENABLE_MODULES = YES;
				CLANG_ENABLE_OBJC_ARC = YES;
				CLANG_ENABLE_OBJC_WEAK = YES;
				CLANG_WARN_BLOCK_CAPTURE_AUTORELEASING = YES;
				CLANG_WARN_BOOL_CONVERSION = YES;
				CLANG_WARN_COMMA = YES;
				CLANG_WARN_CONSTANT_CONVERSION = YES;
				CLANG_WARN_DEPRECATED_OBJC_IMPLEMENTATIONS = YES;
				CLANG_WARN_DIRECT_OBJC_ISA_USAGE = YES_ERROR;
				CLANG_WARN_DOCUMENTATION_COMMENTS = YES;
				CLANG_WARN_EMPTY_BODY = YES;
				CLANG_WARN_ENUM_CONVERSION = YES;
				CLANG_WARN_INFINITE_RECURSION = YES;
				CLANG_WARN_INT_CONVERSION = YES;
				CLANG_WARN_NON_LITERAL_NULL_CONVERSION = YES;
				CLANG_WARN_OBJC_IMPLICIT_RETAIN_SELF = YES;
				CLANG_WARN_OBJC_LITERAL_CONVERSION = YES;
				CLANG_WARN_OBJC_ROOT_CLASS = YES_ERROR;
				CLANG_WARN_QUOTED_INCLUDE_IN_FRAMEWORK_HEADER = YES;
				CLANG_WARN_RANGE_LOOP_ANALYSIS = YES;
				CLANG_WARN_STRICT_PROTOTYPES = YES;
				CLANG_WARN_SUSPICIOUS_MOVE = YES;
				CLANG_WARN_UNGUARDED_AVAILABILITY = YES_AGGRESSIVE;
				CLANG_WARN_UNREACHABLE_CODE = YES;
				CLANG_WARN__DUPLICATE_METHOD_MATCH = YES;
				COPY_PHASE_STRIP = NO;
				DEBUG_INFORMATION_FORMAT = dwarf;
				ENABLE_STRICT_OBJC_MSGSEND = YES;
				ENABLE_TESTABILITY = YES;
				ENABLE_USER_SCRIPT_SANDBOXING = YES;
				GCC_C_LANGUAGE_STANDARD = gnu17;
				GCC_DYNAMIC_NO_PIC = NO;
				GCC_NO_COMMON_BLOCKS = YES;
				GCC_OPTIMIZATION_LEVEL = 0;
				GCC_PREPROCESSOR_DEFINITIONS = (
					"DEBUG=1",
					"$(inherited)",
				);
				GCC_WARN_64_TO_32_BIT_CONVERSION = YES;
				GCC_WARN_ABOUT_RETURN_TYPE = YES_ERROR;
				GCC_WARN_UNDECLARED_SELECTOR = YES;
				GCC_WARN_UNINITIALIZED_AUTOS = YES_AGGRESSIVE;
				GCC_WARN_UNUSED_FUNCTION = YES;
				GCC_WARN_UNUSED_VARIABLE = YES;
				IPHONEOS_DEPLOYMENT_TARGET = 17.0;
				LOCALIZATION_PREFERS_STRING_CATALOGS = YES;
				MTL_ENABLE_DEBUG_INFO = INCLUDE_SOURCE;
				MTL_FAST_MATH = YES;
				ONLY_ACTIVE_ARCH = YES;
				SDKROOT = iphoneos;
				SWIFT_ACTIVE_COMPILATION_CONDITIONS = "DEBUG $(inherited)";
				SWIFT_OPTIMIZATION_LEVEL = "-Onone";
			};
			name = Debug;
		};
		E00ECD772B63932C00D1DBAA /* Release */ = {
			isa = XCBuildConfiguration;
			buildSettings = {
				ALWAYS_SEARCH_USER_PATHS = NO;
				ASSETCATALOG_COMPILER_GENERATE_SWIFT_ASSET_SYMBOL_EXTENSIONS = YES;
				CLANG_ANALYZER_NONNULL = YES;
				CLANG_ANALYZER_NUMBER_OBJECT_CONVERSION = YES_AGGRESSIVE;
				CLANG_CXX_LANGUAGE_STANDARD = "gnu++20";
				CLANG_ENABLE_MODULES = YES;
				CLANG_ENABLE_OBJC_ARC = YES;
				CLANG_ENABLE_OBJC_WEAK = YES;
				CLANG_WARN_BLOCK_CAPTURE_AUTORELEASING = YES;
				CLANG_WARN_BOOL_CONVERSION = YES;
				CLANG_WARN_COMMA = YES;
				CLANG_WARN_CONSTANT_CONVERSION = YES;
				CLANG_WARN_DEPRECATED_OBJC_IMPLEMENTATIONS = YES;
				CLANG_WARN_DIRECT_OBJC_ISA_USAGE = YES_ERROR;
				CLANG_WARN_DOCUMENTATION_COMMENTS = YES;
				CLANG_WARN_EMPTY_BODY = YES;
				CLANG_WARN_ENUM_CONVERSION = YES;
				CLANG_WARN_INFINITE_RECURSION = YES;
				CLANG_WARN_INT_CONVERSION = YES;
				CLANG_WARN_NON_LITERAL_NULL_CONVERSION = YES;
				CLANG_WARN_OBJC_IMPLICIT_RETAIN_SELF = YES;
				CLANG_WARN_OBJC_LITERAL_CONVERSION = YES;
				CLANG_WARN_OBJC_ROOT_CLASS = YES_ERROR;
				CLANG_WARN_QUOTED_INCLUDE_IN_FRAMEWORK_HEADER = YES;
				CLANG_WARN_RANGE_LOOP_ANALYSIS = YES;
				CLANG_WARN_STRICT_PROTOTYPES = YES;
				CLANG_WARN_SUSPICIOUS_MOVE = YES;
				CLANG_WARN_UNGUARDED_AVAILABILITY = YES_AGGRESSIVE;
				CLANG_WARN_UNREACHABLE_CODE = YES;
				CLANG_WARN__DUPLICATE_METHOD_MATCH = YES;
				COPY_PHASE_STRIP = NO;
				DEBUG_INFORMATION_FORMAT = "dwarf-with-dsym";
				ENABLE_NS_ASSERTIONS = NO;
				ENABLE_STRICT_OBJC_MSGSEND = YES;
				ENABLE_USER_SCRIPT_SANDBOXING = YES;
				GCC_C_LANGUAGE_STANDARD = gnu17;
				GCC_NO_COMMON_BLOCKS = YES;
				GCC_WARN_64_TO_32_BIT_CONVERSION = YES;
				GCC_WARN_ABOUT_RETURN_TYPE = YES_ERROR;
				GCC_WARN_UNDECLARED_SELECTOR = YES;
				GCC_WARN_UNINITIALIZED_AUTOS = YES_AGGRESSIVE;
				GCC_WARN_UNUSED_FUNCTION = YES;
				GCC_WARN_UNUSED_VARIABLE = YES;
				IPHONEOS_DEPLOYMENT_TARGET = 17.0;
				LOCALIZATION_PREFERS_STRING_CATALOGS = YES;
				MTL_ENABLE_DEBUG_INFO = NO;
				MTL_FAST_MATH = YES;
				SDKROOT = iphoneos;
				SWIFT_COMPILATION_MODE = wholemodule;
				VALIDATE_PRODUCT = YES;
			};
			name = Release;
		};
		E00ECD792B63932C00D1DBAA /* Debug */ = {
			isa = XCBuildConfiguration;
			buildSettings = {
				ASSETCATALOG_COMPILER_APPICON_NAME = AppIcon;
				ASSETCATALOG_COMPILER_GLOBAL_ACCENT_COLOR_NAME = AccentColor;
				CODE_SIGN_STYLE = Automatic;
				CURRENT_PROJECT_VERSION = 1;
				GENERATE_INFOPLIST_FILE = YES;
				INFOPLIST_FILE = countriesSnapKit/Info.plist;
				INFOPLIST_KEY_UIApplicationSupportsIndirectInputEvents = YES;
				INFOPLIST_KEY_UILaunchStoryboardName = LaunchScreen;
				INFOPLIST_KEY_UIMainStoryboardFile = Main;
				INFOPLIST_KEY_UISupportedInterfaceOrientations_iPad = "UIInterfaceOrientationPortrait UIInterfaceOrientationPortraitUpsideDown UIInterfaceOrientationLandscapeLeft UIInterfaceOrientationLandscapeRight";
				INFOPLIST_KEY_UISupportedInterfaceOrientations_iPhone = "UIInterfaceOrientationPortrait UIInterfaceOrientationLandscapeLeft UIInterfaceOrientationLandscapeRight";
				LD_RUNPATH_SEARCH_PATHS = (
					"$(inherited)",
					"@executable_path/Frameworks",
				);
				MARKETING_VERSION = 1.0;
				PRODUCT_BUNDLE_IDENTIFIER = fd.countriesSnapKit;
				PRODUCT_NAME = "$(TARGET_NAME)";
				SWIFT_EMIT_LOC_STRINGS = YES;
				SWIFT_VERSION = 5.0;
				TARGETED_DEVICE_FAMILY = "1,2";
			};
			name = Debug;
		};
		E00ECD7A2B63932C00D1DBAA /* Release */ = {
			isa = XCBuildConfiguration;
			buildSettings = {
				ASSETCATALOG_COMPILER_APPICON_NAME = AppIcon;
				ASSETCATALOG_COMPILER_GLOBAL_ACCENT_COLOR_NAME = AccentColor;
				CODE_SIGN_STYLE = Automatic;
				CURRENT_PROJECT_VERSION = 1;
				GENERATE_INFOPLIST_FILE = YES;
				INFOPLIST_FILE = countriesSnapKit/Info.plist;
				INFOPLIST_KEY_UIApplicationSupportsIndirectInputEvents = YES;
				INFOPLIST_KEY_UILaunchStoryboardName = LaunchScreen;
				INFOPLIST_KEY_UIMainStoryboardFile = Main;
				INFOPLIST_KEY_UISupportedInterfaceOrientations_iPad = "UIInterfaceOrientationPortrait UIInterfaceOrientationPortraitUpsideDown UIInterfaceOrientationLandscapeLeft UIInterfaceOrientationLandscapeRight";
				INFOPLIST_KEY_UISupportedInterfaceOrientations_iPhone = "UIInterfaceOrientationPortrait UIInterfaceOrientationLandscapeLeft UIInterfaceOrientationLandscapeRight";
				LD_RUNPATH_SEARCH_PATHS = (
					"$(inherited)",
					"@executable_path/Frameworks",
				);
				MARKETING_VERSION = 1.0;
				PRODUCT_BUNDLE_IDENTIFIER = fd.countriesSnapKit;
				PRODUCT_NAME = "$(TARGET_NAME)";
				SWIFT_EMIT_LOC_STRINGS = YES;
				SWIFT_VERSION = 5.0;
				TARGETED_DEVICE_FAMILY = "1,2";
			};
			name = Release;
		};
		E00ECD7C2B63932C00D1DBAA /* Debug */ = {
			isa = XCBuildConfiguration;
			buildSettings = {
				ALWAYS_EMBED_SWIFT_STANDARD_LIBRARIES = YES;
				BUNDLE_LOADER = "$(TEST_HOST)";
				CODE_SIGN_STYLE = Automatic;
				CURRENT_PROJECT_VERSION = 1;
				GENERATE_INFOPLIST_FILE = YES;
				IPHONEOS_DEPLOYMENT_TARGET = 17.0;
				MARKETING_VERSION = 1.0;
				PRODUCT_BUNDLE_IDENTIFIER = fd.countriesSnapKitTests;
				PRODUCT_NAME = "$(TARGET_NAME)";
				SWIFT_EMIT_LOC_STRINGS = NO;
				SWIFT_VERSION = 5.0;
				TARGETED_DEVICE_FAMILY = "1,2";
				TEST_HOST = "$(BUILT_PRODUCTS_DIR)/countriesSnapKit.app/$(BUNDLE_EXECUTABLE_FOLDER_PATH)/countriesSnapKit";
			};
			name = Debug;
		};
		E00ECD7D2B63932C00D1DBAA /* Release */ = {
			isa = XCBuildConfiguration;
			buildSettings = {
				ALWAYS_EMBED_SWIFT_STANDARD_LIBRARIES = YES;
				BUNDLE_LOADER = "$(TEST_HOST)";
				CODE_SIGN_STYLE = Automatic;
				CURRENT_PROJECT_VERSION = 1;
				GENERATE_INFOPLIST_FILE = YES;
				IPHONEOS_DEPLOYMENT_TARGET = 17.0;
				MARKETING_VERSION = 1.0;
				PRODUCT_BUNDLE_IDENTIFIER = fd.countriesSnapKitTests;
				PRODUCT_NAME = "$(TARGET_NAME)";
				SWIFT_EMIT_LOC_STRINGS = NO;
				SWIFT_VERSION = 5.0;
				TARGETED_DEVICE_FAMILY = "1,2";
				TEST_HOST = "$(BUILT_PRODUCTS_DIR)/countriesSnapKit.app/$(BUNDLE_EXECUTABLE_FOLDER_PATH)/countriesSnapKit";
			};
			name = Release;
		};
		E00ECD7F2B63932C00D1DBAA /* Debug */ = {
			isa = XCBuildConfiguration;
			buildSettings = {
				ALWAYS_EMBED_SWIFT_STANDARD_LIBRARIES = YES;
				CODE_SIGN_STYLE = Automatic;
				CURRENT_PROJECT_VERSION = 1;
				GENERATE_INFOPLIST_FILE = YES;
				MARKETING_VERSION = 1.0;
				PRODUCT_BUNDLE_IDENTIFIER = fd.countriesSnapKitUITests;
				PRODUCT_NAME = "$(TARGET_NAME)";
				SWIFT_EMIT_LOC_STRINGS = NO;
				SWIFT_VERSION = 5.0;
				TARGETED_DEVICE_FAMILY = "1,2";
				TEST_TARGET_NAME = countriesSnapKit;
			};
			name = Debug;
		};
		E00ECD802B63932C00D1DBAA /* Release */ = {
			isa = XCBuildConfiguration;
			buildSettings = {
				ALWAYS_EMBED_SWIFT_STANDARD_LIBRARIES = YES;
				CODE_SIGN_STYLE = Automatic;
				CURRENT_PROJECT_VERSION = 1;
				GENERATE_INFOPLIST_FILE = YES;
				MARKETING_VERSION = 1.0;
				PRODUCT_BUNDLE_IDENTIFIER = fd.countriesSnapKitUITests;
				PRODUCT_NAME = "$(TARGET_NAME)";
				SWIFT_EMIT_LOC_STRINGS = NO;
				SWIFT_VERSION = 5.0;
				TARGETED_DEVICE_FAMILY = "1,2";
				TEST_TARGET_NAME = countriesSnapKit;
			};
			name = Release;
		};
/* End XCBuildConfiguration section */

/* Begin XCConfigurationList section */
		E00ECD492B63932A00D1DBAA /* Build configuration list for PBXProject "countriesSnapKit" */ = {
			isa = XCConfigurationList;
			buildConfigurations = (
				E00ECD762B63932C00D1DBAA /* Debug */,
				E00ECD772B63932C00D1DBAA /* Release */,
			);
			defaultConfigurationIsVisible = 0;
			defaultConfigurationName = Release;
		};
		E00ECD782B63932C00D1DBAA /* Build configuration list for PBXNativeTarget "countriesSnapKit" */ = {
			isa = XCConfigurationList;
			buildConfigurations = (
				E00ECD792B63932C00D1DBAA /* Debug */,
				E00ECD7A2B63932C00D1DBAA /* Release */,
			);
			defaultConfigurationIsVisible = 0;
			defaultConfigurationName = Release;
		};
		E00ECD7B2B63932C00D1DBAA /* Build configuration list for PBXNativeTarget "countriesSnapKitTests" */ = {
			isa = XCConfigurationList;
			buildConfigurations = (
				E00ECD7C2B63932C00D1DBAA /* Debug */,
				E00ECD7D2B63932C00D1DBAA /* Release */,
			);
			defaultConfigurationIsVisible = 0;
			defaultConfigurationName = Release;
		};
		E00ECD7E2B63932C00D1DBAA /* Build configuration list for PBXNativeTarget "countriesSnapKitUITests" */ = {
			isa = XCConfigurationList;
			buildConfigurations = (
				E00ECD7F2B63932C00D1DBAA /* Debug */,
				E00ECD802B63932C00D1DBAA /* Release */,
			);
			defaultConfigurationIsVisible = 0;
			defaultConfigurationName = Release;
		};
/* End XCConfigurationList section */
	};
	rootObject = E00ECD462B63932A00D1DBAA /* Project object */;
}
